
Microsoft Visual Studio Solution File, Format Version 12.00
# Visual Studio Version 17
VisualStudioVersion = 17.0.31717.71
MinimumVisualStudioVersion = 10.0.40219.1
Project("{9A19103F-16F7-4668-BE54-9A1E7A4F7556}") = "bVirtualization", "bVirtualization\bVirtualization.csproj", "{B17C3DC0-8513-4BBD-93EA-53A1E346AF72}"
EndProject
Project("{9A19103F-16F7-4668-BE54-9A1E7A4F7556}") = "bVirtualization.Tests.Unit", "bVirtualization.Tests.Unit\bVirtualization.Tests.Unit.csproj", "{96693E1F-33CC-441E-89A1-596A17E5E575}"
EndProject
Project("{2150E333-8FDC-42A3-9474-1A3956D46DE8}") = "Solution Items", "Solution Items", "{F890C46B-4ACF-4D99-B194-B8695645A10D}"
	ProjectSection(SolutionItems) = preProject
		.editorconfig = .editorconfig
	EndProjectSection
EndProject
Project("{FAE04EC0-301F-11D3-BF4B-00C04F79EFBC}") = "bVirtualization.Infrastructure.Build", "bVirtualization.Infrastructure.Build\bVirtualization.Infrastructure.Build.csproj", "{463FC4B3-ACD9-4E2F-9D6B-7A6369685364}"
EndProject
Global
	GlobalSection(SolutionConfigurationPlatforms) = preSolution
		Debug|Any CPU = Debug|Any CPU
		Release|Any CPU = Release|Any CPU
	EndGlobalSection
	GlobalSection(ProjectConfigurationPlatforms) = postSolution
		{B17C3DC0-8513-4BBD-93EA-53A1E346AF72}.Debug|Any CPU.ActiveCfg = Debug|Any CPU
		{B17C3DC0-8513-4BBD-93EA-53A1E346AF72}.Debug|Any CPU.Build.0 = Debug|Any CPU
		{B17C3DC0-8513-4BBD-93EA-53A1E346AF72}.Release|Any CPU.ActiveCfg = Release|Any CPU
		{B17C3DC0-8513-4BBD-93EA-53A1E346AF72}.Release|Any CPU.Build.0 = Release|Any CPU
		{96693E1F-33CC-441E-89A1-596A17E5E575}.Debug|Any CPU.ActiveCfg = Debug|Any CPU
		{96693E1F-33CC-441E-89A1-596A17E5E575}.Debug|Any CPU.Build.0 = Debug|Any CPU
		{96693E1F-33CC-441E-89A1-596A17E5E575}.Release|Any CPU.ActiveCfg = Release|Any CPU
		{96693E1F-33CC-441E-89A1-596A17E5E575}.Release|Any CPU.Build.0 = Release|Any CPU
		{463FC4B3-ACD9-4E2F-9D6B-7A6369685364}.Debug|Any CPU.ActiveCfg = Debug|Any CPU
		{463FC4B3-ACD9-4E2F-9D6B-7A6369685364}.Debug|Any CPU.Build.0 = Debug|Any CPU
		{463FC4B3-ACD9-4E2F-9D6B-7A6369685364}.Release|Any CPU.ActiveCfg = Release|Any CPU
		{463FC4B3-ACD9-4E2F-9D6B-7A6369685364}.Release|Any CPU.Build.0 = Release|Any CPU
	EndGlobalSection
	GlobalSection(SolutionProperties) = preSolution
		HideSolutionNode = FALSE
	EndGlobalSection
	GlobalSection(ExtensibilityGlobals) = postSolution
		SolutionGuid = {E556F6C2-D037-4CDE-A675-ACEBDFA1587A}
	EndGlobalSection
EndGlobal
